# This file is automatically @generated by Cargo.
# It is not intended for manual editing.
version = 3

[[package]]
name = "easy-ml"
version = "1.7.0"
source = "registry+https://github.com/rust-lang/crates.io-index"
checksum = "1cfe767f4913f8485d824f7a5a112a829bbe64f8b2d9836e47c838be3a25ddbe"

[[package]]
name = "hnefatafl"
version = "0.1.0"
dependencies = [
 "easy-ml",
]
